
Microsoft Visual Studio Solution File, Format Version 12.00
# Visual Studio Version 17
VisualStudioVersion = 17.3.32819.101
MinimumVisualStudioVersion = 10.0.40219.1
Project("{FAE04EC0-301F-11D3-BF4B-00C04F79EFBC}") = "Spravce hesel", "Spravce hesel\Spravce hesel.csproj", "{52462419-6EDC-43D9-883B-03DF02A4558D}"
EndProject
Global
	GlobalSection(SolutionConfigurationPlatforms) = preSolution
		Debug|Any CPU = Debug|Any CPU
		Release|Any CPU = Release|Any CPU
	EndGlobalSection
	GlobalSection(ProjectConfigurationPlatforms) = postSolution
		{52462419-6EDC-43D9-883B-03DF02A4558D}.Debug|Any CPU.ActiveCfg = Debug|Any CPU
		{52462419-6EDC-43D9-883B-03DF02A4558D}.Debug|Any CPU.Build.0 = Debug|Any CPU
		{52462419-6EDC-43D9-883B-03DF02A4558D}.Release|Any CPU.ActiveCfg = Release|Any CPU
		{52462419-6EDC-43D9-883B-03DF02A4558D}.Release|Any CPU.Build.0 = Release|Any CPU
	EndGlobalSection
	GlobalSection(SolutionProperties) = preSolution
		HideSolutionNode = FALSE
	EndGlobalSection
	GlobalSection(ExtensibilityGlobals) = postSolution
		SolutionGuid = {B3BBBCDE-B1C9-4E6B-9B8D-F51311883B9A}
	EndGlobalSection
EndGlobal
